codeberg.org/mhofmann/fastcdc v1.0.0 h1:VQy/CPLq74s449C60NRckXaGrjRfFBGMwe27C6ScVJM=
codeberg.org/mhofmann/fastcdc v1.0.0/go.mod h1:jFcaHSHiytKN5z32a1toKGQO5MJ3ziDuUgyjkzdqEBQ=
github.com/askeladdk/fastcdc v0.0.2 h1:7G55PritZUbjQhWgxHqKOgAdJxgzj26ksMvdzXKUrm8=
github.com/askeladdk/fastcdc v0.0.2/go.mod h1:ZhMhz8p8u5Hz5yP2NVNXPX8V2B9c840z6fW3VsIDQLw=
github.com/jotfs/fastcdc-go v0.2.0 h1:WHYIGk3k9NumGWfp4YMsemEcx/s4JKpGAa6tpCpHJOo=
github.com/jotfs/fastcdc-go v0.2.0/go.mod h1:PGFBIloiASFbiKnkCd/hmHXxngxYDYtisyurJ/zyDNM=
github.com/klauspost/cpuid/v2 v2.0.12 h1:p9dKCg8i4gmOxtv35DvrYoWqYzQrvEVdjQ762Y0OqZE=
github.com/klauspost/cpuid/v2 v2.0.12/go.mod h1:g2LTdtYhdyuGPqyWyv7qRAmj1WBqxuObKfj5c0PQa7c=
github.com/restic/chunker v0.4.0 h1:YUPYCUn70MYP7VO4yllypp2SjmsRhRJaad3xKu1QFRw=
github.com/restic/chunker v0.4.0/go.mod h1:z0cH2BejpW636LXw0R/BGyv+Ey8+m9QGiOanDHItzyw=
github.com/tigerwill90/fastcdc v1.2.2 h1:tigEC8ONgsN9MreH27XU345jnuH8cF/Iw1EPkVr8JPk=
github.com/tigerwill90/fastcdc v1.2.2/go.mod h1:gn9sPRoM0lazNdSkncX+QvvD/P7/wptXVLkVUEL/5Ck=
github.com/zeebo/assert v1.1.0 h1:hU1L1vLTHsnO8x8c9KAR5GmM5QscxHg5RNU5z5qbUWY=
github.com/zeebo/assert v1.1.0/go.mod h1:Pq9JiuJQpG8JLJdtkwrJESF0Foym2/D9XMU5ciN/wJ0=
github.com/zeebo/blake3 v0.2.4 h1:KYQPkhpRtcqh0ssGYcKLG1JYvddkEA8QwCM/yBqhaZI=
github.com/zeebo/blake3 v0.2.4/go.mod h1:7eeQ6d2iXWRGF6npfaxl2CU+xy2Fjo2gxeyZGCRUjcE=
github.com/zeebo/pcg v1.0.1 h1:lyqfGeWiv4ahac6ttHs+I5hwtH/+1mrhlCtVNQM2kHo=
github.com/zeebo/pcg v1.0.1/go.mod h1:09F0S9iiKrwn9rlI5yjLkmrug154/YRW6KnnXVDM/l4=
